// !$*UTF8*$!
{
	archiveVersion = 1;
	classes = {
	};
	objectVersion = 50;
	objects = {

/* Begin PBXBuildFile section */
		4F10C63021A63F340016305F /* IWatchSessionUtil.swift in Sources */ = {isa = PBXBuildFile; fileRef = 4F10C62F21A63F340016305F /* IWatchSessionUtil.swift */; };
		4F10C63821A641060016305F /* Toast.swift in Sources */ = {isa = PBXBuildFile; fileRef = 4F10C63721A641060016305F /* Toast.swift */; };
		4F10C63A21A64CA20016305F /* SetupViewControl.swift in Sources */ = {isa = PBXBuildFile; fileRef = 4F10C63921A64CA20016305F /* SetupViewControl.swift */; };
		4F10C63C21A64D660016305F /* WeatherLocationViewControl.swift in Sources */ = {isa = PBXBuildFile; fileRef = 4F10C63B21A64D660016305F /* WeatherLocationViewControl.swift */; };
		4F10C63E21A64DAF0016305F /* WeatherLocation.swift in Sources */ = {isa = PBXBuildFile; fileRef = 4F10C63D21A64DAF0016305F /* WeatherLocation.swift */; };
		4F10C64021A656330016305F /* AboutViewControl.swift in Sources */ = {isa = PBXBuildFile; fileRef = 4F10C63F21A656330016305F /* AboutViewControl.swift */; };
		4F10C64521A658C00016305F /* HermesCAPECOD.otf in Resources */ = {isa = PBXBuildFile; fileRef = 4F10C64121A658BB0016305F /* HermesCAPECOD.otf */; };
		4F10C64621A658C00016305F /* HermesCAPECODOutline.otf in Resources */ = {isa = PBXBuildFile; fileRef = 4F10C64221A658BB0016305F /* HermesCAPECODOutline.otf */; };
		4F10C64721A658C00016305F /* HermesCARRICK.otf in Resources */ = {isa = PBXBuildFile; fileRef = 4F10C64321A658BB0016305F /* HermesCARRICK.otf */; };
		4F10C64821A658C00016305F /* HermesESPACE.otf in Resources */ = {isa = PBXBuildFile; fileRef = 4F10C64421A658BC0016305F /* HermesESPACE.otf */; };
		4F10C64921A658C10016305F /* HermesCAPECOD.otf in Resources */ = {isa = PBXBuildFile; fileRef = 4F10C64121A658BB0016305F /* HermesCAPECOD.otf */; };
		4F10C64A21A658C10016305F /* HermesCAPECODOutline.otf in Resources */ = {isa = PBXBuildFile; fileRef = 4F10C64221A658BB0016305F /* HermesCAPECODOutline.otf */; };
		4F10C64B21A658C10016305F /* HermesCARRICK.otf in Resources */ = {isa = PBXBuildFile; fileRef = 4F10C64321A658BB0016305F /* HermesCARRICK.otf */; };
		4F10C64C21A658C10016305F /* HermesESPACE.otf in Resources */ = {isa = PBXBuildFile; fileRef = 4F10C64421A658BC0016305F /* HermesESPACE.otf */; };
		4F10C64E21A65CB50016305F /* MainViewControl.swift in Sources */ = {isa = PBXBuildFile; fileRef = 4F10C64D21A65CB50016305F /* MainViewControl.swift */; };
		4F2E45D021A43A1C006F3C19 /* FaceStyleViewControl.swift in Sources */ = {isa = PBXBuildFile; fileRef = 4F2E45CF21A43A1C006F3C19 /* FaceStyleViewControl.swift */; };
		4F2E45D221A4450A006F3C19 /* ImageSelectViewControl.swift in Sources */ = {isa = PBXBuildFile; fileRef = 4F2E45D121A4450A006F3C19 /* ImageSelectViewControl.swift */; };
		4F2E45D621A4A938006F3C19 /* ColorSelectViewControl.swift in Sources */ = {isa = PBXBuildFile; fileRef = 4F2E45D521A4A938006F3C19 /* ColorSelectViewControl.swift */; };
		4F2E45D821A4A983006F3C19 /* FaceCustomViewControl.swift in Sources */ = {isa = PBXBuildFile; fileRef = 4F2E45D721A4A983006F3C19 /* FaceCustomViewControl.swift */; };
		4F65D96721A41FFA0046B75C /* IPhoneSessionUtil.swift in Sources */ = {isa = PBXBuildFile; fileRef = 4F65D96621A41FF90046B75C /* IPhoneSessionUtil.swift */; };
		4F65D96C21A420310046B75C /* MyUiApplication.m in Sources */ = {isa = PBXBuildFile; fileRef = 4F65D96921A420310046B75C /* MyUiApplication.m */; };
		4F65D96E21A420E10046B75C /* FaceScene.sks in Resources */ = {isa = PBXBuildFile; fileRef = 4F65D96D21A420E10046B75C /* FaceScene.sks */; };
		4F65D96F21A420FC0046B75C /* FaceScene.sks in Resources */ = {isa = PBXBuildFile; fileRef = 4F65D96D21A420E10046B75C /* FaceScene.sks */; };
		4FB264DA21A41BA500B3A950 /* UIExtersions.swift in Sources */ = {isa = PBXBuildFile; fileRef = 4FB264D921A41BA500B3A950 /* UIExtersions.swift */; };
		4FB264DB21A41BC400B3A950 /* UIExtersions.swift in Sources */ = {isa = PBXBuildFile; fileRef = 4FB264D921A41BA500B3A950 /* UIExtersions.swift */; };
		4FD8FC6021A3AE73003E4936 /* AppDelegate.swift in Sources */ = {isa = PBXBuildFile; fileRef = 4FD8FC5F21A3AE73003E4936 /* AppDelegate.swift */; };
		4FD8FC6221A3AE73003E4936 /* ViewController.swift in Sources */ = {isa = PBXBuildFile; fileRef = 4FD8FC6121A3AE73003E4936 /* ViewController.swift */; };
		4FD8FC6521A3AE73003E4936 /* Main.storyboard in Resources */ = {isa = PBXBuildFile; fileRef = 4FD8FC6321A3AE73003E4936 /* Main.storyboard */; };
		4FD8FC6721A3AE74003E4936 /* Assets.xcassets in Resources */ = {isa = PBXBuildFile; fileRef = 4FD8FC6621A3AE74003E4936 /* Assets.xcassets */; };
		4FD8FC6A21A3AE74003E4936 /* LaunchScreen.storyboard in Resources */ = {isa = PBXBuildFile; fileRef = 4FD8FC6821A3AE74003E4936 /* LaunchScreen.storyboard */; };
		4FD8FC6F21A3AE74003E4936 /* WatchClock2 WatchKit App.app in Embed Watch Content */ = {isa = PBXBuildFile; fileRef = 4FD8FC6E21A3AE74003E4936 /* WatchClock2 WatchKit App.app */; };
		4FD8FC7521A3AE74003E4936 /* Interface.storyboard in Resources */ = {isa = PBXBuildFile; fileRef = 4FD8FC7321A3AE74003E4936 /* Interface.storyboard */; };
		4FD8FC7721A3AE74003E4936 /* Assets.xcassets in Resources */ = {isa = PBXBuildFile; fileRef = 4FD8FC7621A3AE74003E4936 /* Assets.xcassets */; };
		4FD8FC7E21A3AE74003E4936 /* WatchClock2 WatchKit Extension.appex in Embed App Extensions */ = {isa = PBXBuildFile; fileRef = 4FD8FC7D21A3AE74003E4936 /* WatchClock2 WatchKit Extension.appex */; settings = {ATTRIBUTES = (RemoveHeadersOnCopy, ); }; };
		4FD8FC8321A3AE74003E4936 /* InterfaceController.swift in Sources */ = {isa = PBXBuildFile; fileRef = 4FD8FC8221A3AE74003E4936 /* InterfaceController.swift */; };
		4FD8FC8521A3AE74003E4936 /* ExtensionDelegate.swift in Sources */ = {isa = PBXBuildFile; fileRef = 4FD8FC8421A3AE74003E4936 /* ExtensionDelegate.swift */; };
		4FD8FC8721A3AE75003E4936 /* Assets.xcassets in Resources */ = {isa = PBXBuildFile; fileRef = 4FD8FC8621A3AE75003E4936 /* Assets.xcassets */; };
		4FDE09E721A50F4300224AF8 /* FontSelectViewControl.swift in Sources */ = {isa = PBXBuildFile; fileRef = 4FDE09E621A50F4300224AF8 /* FontSelectViewControl.swift */; };
		4FDE09E921A5260900224AF8 /* DisplayTextViewControl.swift in Sources */ = {isa = PBXBuildFile; fileRef = 4FDE09E821A5260900224AF8 /* DisplayTextViewControl.swift */; };
		4FFC8AC021A3F332003ACFAB /* WatchSetViewControl.swift in Sources */ = {isa = PBXBuildFile; fileRef = 4FFC8ABF21A3F332003ACFAB /* WatchSetViewControl.swift */; };
		4FFC8AC221A3F867003ACFAB /* WatchManagerViewControl.swift in Sources */ = {isa = PBXBuildFile; fileRef = 4FFC8AC121A3F867003ACFAB /* WatchManagerViewControl.swift */; };
		4FFC8AC621A40D6A003ACFAB /* WatchSettings.swift in Sources */ = {isa = PBXBuildFile; fileRef = 4FFC8AC521A40D6A003ACFAB /* WatchSettings.swift */; };
		4FFC8AC721A40D6A003ACFAB /* WatchSettings.swift in Sources */ = {isa = PBXBuildFile; fileRef = 4FFC8AC521A40D6A003ACFAB /* WatchSettings.swift */; };
		4FFC8ACA21A40F1C003ACFAB /* WatchScene.swift in Sources */ = {isa = PBXBuildFile; fileRef = 4FFC8AC921A40F1C003ACFAB /* WatchScene.swift */; };
		4FFC8ACB21A40F34003ACFAB /* WatchScene.swift in Sources */ = {isa = PBXBuildFile; fileRef = 4FFC8AC921A40F1C003ACFAB /* WatchScene.swift */; };
		4FFC8ACC21A40F51003ACFAB /* Assets.xcassets in Resources */ = {isa = PBXBuildFile; fileRef = 4FD8FC8621A3AE75003E4936 /* Assets.xcassets */; };
		4FFC8ACE21A40F7E003ACFAB /* WatchInfo.swift in Sources */ = {isa = PBXBuildFile; fileRef = 4FFC8ACD21A40F7E003ACFAB /* WatchInfo.swift */; };
		4FFC8ACF21A40F7E003ACFAB /* WatchInfo.swift in Sources */ = {isa = PBXBuildFile; fileRef = 4FFC8ACD21A40F7E003ACFAB /* WatchInfo.swift */; };
		4FFC8AD121A40F9C003ACFAB /* Weather.swift in Sources */ = {isa = PBXBuildFile; fileRef = 4FFC8AD021A40F9C003ACFAB /* Weather.swift */; };
		4FFC8AD221A40F9C003ACFAB /* Weather.swift in Sources */ = {isa = PBXBuildFile; fileRef = 4FFC8AD021A40F9C003ACFAB /* Weather.swift */; };
/* End PBXBuildFile section */

/* Begin PBXContainerItemProxy section */
		4FD8FC7021A3AE74003E4936 /* PBXContainerItemProxy */ = {
			isa = PBXContainerItemProxy;
			containerPortal = 4FD8FC5421A3AE73003E4936 /* Project object */;
			proxyType = 1;
			remoteGlobalIDString = 4FD8FC6D21A3AE74003E4936;
			remoteInfo = "WatchClock2 WatchKit App";
		};
		4FD8FC7F21A3AE74003E4936 /* PBXContainerItemProxy */ = {
			isa = PBXContainerItemProxy;
			containerPortal = 4FD8FC5421A3AE73003E4936 /* Project object */;
			proxyType = 1;
			remoteGlobalIDString = 4FD8FC7C21A3AE74003E4936;
			remoteInfo = "WatchClock2 WatchKit Extension";
		};
/* End PBXContainerItemProxy section */

/* Begin PBXCopyFilesBuildPhase section */
		4FD8FC8E21A3AE75003E4936 /* Embed App Extensions */ = {
			isa = PBXCopyFilesBuildPhase;
			buildActionMask = 2147483647;
			dstPath = "";
			dstSubfolderSpec = 13;
			files = (
				4FD8FC7E21A3AE74003E4936 /* WatchClock2 WatchKit Extension.appex in Embed App Extensions */,
			);
			name = "Embed App Extensions";
			runOnlyForDeploymentPostprocessing = 0;
		};
		4FD8FC9221A3AE75003E4936 /* Embed Watch Content */ = {
			isa = PBXCopyFilesBuildPhase;
			buildActionMask = 2147483647;
			dstPath = "$(CONTENTS_FOLDER_PATH)/Watch";
			dstSubfolderSpec = 16;
			files = (
				4FD8FC6F21A3AE74003E4936 /* WatchClock2 WatchKit App.app in Embed Watch Content */,
			);
			name = "Embed Watch Content";
			runOnlyForDeploymentPostprocessing = 0;
		};
/* End PBXCopyFilesBuildPhase section */

/* Begin PBXFileReference section */
		4F10C62F21A63F340016305F /* IWatchSessionUtil.swift */ = {isa = PBXFileReference; fileEncoding = 4; lastKnownFileType = sourcecode.swift; path = IWatchSessionUtil.swift; sourceTree = "<group>"; };
		4F10C63721A641060016305F /* Toast.swift */ = {isa = PBXFileReference; fileEncoding = 4; lastKnownFileType = sourcecode.swift; path = Toast.swift; sourceTree = "<group>"; };
		4F10C63921A64CA20016305F /* SetupViewControl.swift */ = {isa = PBXFileReference; lastKnownFileType = sourcecode.swift; path = SetupViewControl.swift; sourceTree = "<group>"; };
		4F10C63B21A64D660016305F /* WeatherLocationViewControl.swift */ = {isa = PBXFileReference; lastKnownFileType = sourcecode.swift; path = WeatherLocationViewControl.swift; sourceTree = "<group>"; };
		4F10C63D21A64DAF0016305F /* WeatherLocation.swift */ = {isa = PBXFileReference; fileEncoding = 4; lastKnownFileType = sourcecode.swift; path = WeatherLocation.swift; sourceTree = "<group>"; };
		4F10C63F21A656330016305F /* AboutViewControl.swift */ = {isa = PBXFileReference; lastKnownFileType = sourcecode.swift; path = AboutViewControl.swift; sourceTree = "<group>"; };
		4F10C64121A658BB0016305F /* HermesCAPECOD.otf */ = {isa = PBXFileReference; lastKnownFileType = file; path = HermesCAPECOD.otf; sourceTree = "<group>"; };
		4F10C64221A658BB0016305F /* HermesCAPECODOutline.otf */ = {isa = PBXFileReference; lastKnownFileType = file; path = HermesCAPECODOutline.otf; sourceTree = "<group>"; };
		4F10C64321A658BB0016305F /* HermesCARRICK.otf */ = {isa = PBXFileReference; lastKnownFileType = file; path = HermesCARRICK.otf; sourceTree = "<group>"; };
		4F10C64421A658BC0016305F /* HermesESPACE.otf */ = {isa = PBXFileReference; lastKnownFileType = file; path = HermesESPACE.otf; sourceTree = "<group>"; };
		4F10C64D21A65CB50016305F /* MainViewControl.swift */ = {isa = PBXFileReference; lastKnownFileType = sourcecode.swift; path = MainViewControl.swift; sourceTree = "<group>"; };
		4F2E45CF21A43A1C006F3C19 /* FaceStyleViewControl.swift */ = {isa = PBXFileReference; lastKnownFileType = sourcecode.swift; path = FaceStyleViewControl.swift; sourceTree = "<group>"; };
		4F2E45D121A4450A006F3C19 /* ImageSelectViewControl.swift */ = {isa = PBXFileReference; lastKnownFileType = sourcecode.swift; path = ImageSelectViewControl.swift; sourceTree = "<group>"; };
		4F2E45D521A4A938006F3C19 /* ColorSelectViewControl.swift */ = {isa = PBXFileReference; lastKnownFileType = sourcecode.swift; path = ColorSelectViewControl.swift; sourceTree = "<group>"; };
		4F2E45D721A4A983006F3C19 /* FaceCustomViewControl.swift */ = {isa = PBXFileReference; lastKnownFileType = sourcecode.swift; path = FaceCustomViewControl.swift; sourceTree = "<group>"; };
		4F65D96621A41FF90046B75C /* IPhoneSessionUtil.swift */ = {isa = PBXFileReference; fileEncoding = 4; lastKnownFileType = sourcecode.swift; path = IPhoneSessionUtil.swift; sourceTree = "<group>"; };
		4F65D96821A420300046B75C /* WatchClock2 WatchKit Extension-Bridging-Header.h */ = {isa = PBXFileReference; lastKnownFileType = sourcecode.c.h; path = "WatchClock2 WatchKit Extension-Bridging-Header.h"; sourceTree = "<group>"; };
		4F65D96921A420310046B75C /* MyUiApplication.m */ = {isa = PBXFileReference; fileEncoding = 4; lastKnownFileType = sourcecode.c.objc; path = MyUiApplication.m; sourceTree = "<group>"; };
		4F65D96A21A420310046B75C /* MyUIApplication.h */ = {isa = PBXFileReference; fileEncoding = 4; lastKnownFileType = sourcecode.c.h; path = MyUIApplication.h; sourceTree = "<group>"; };
		4F65D96D21A420E10046B75C /* FaceScene.sks */ = {isa = PBXFileReference; lastKnownFileType = file.sks; path = FaceScene.sks; sourceTree = "<group>"; };
		4FB264D921A41BA500B3A950 /* UIExtersions.swift */ = {isa = PBXFileReference; lastKnownFileType = sourcecode.swift; path = UIExtersions.swift; sourceTree = "<group>"; };
		4FD8FC5C21A3AE73003E4936 /* WatchClock2.app */ = {isa = PBXFileReference; explicitFileType = wrapper.application; includeInIndex = 0; path = WatchClock2.app; sourceTree = BUILT_PRODUCTS_DIR; };
		4FD8FC5F21A3AE73003E4936 /* AppDelegate.swift */ = {isa = PBXFileReference; lastKnownFileType = sourcecode.swift; path = AppDelegate.swift; sourceTree = "<group>"; };
		4FD8FC6121A3AE73003E4936 /* ViewController.swift */ = {isa = PBXFileReference; lastKnownFileType = sourcecode.swift; path = ViewController.swift; sourceTree = "<group>"; };
		4FD8FC6421A3AE73003E4936 /* Base */ = {isa = PBXFileReference; lastKnownFileType = file.storyboard; name = Base; path = Base.lproj/Main.storyboard; sourceTree = "<group>"; };
		4FD8FC6621A3AE74003E4936 /* Assets.xcassets */ = {isa = PBXFileReference; lastKnownFileType = folder.assetcatalog; path = Assets.xcassets; sourceTree = "<group>"; };
		4FD8FC6921A3AE74003E4936 /* Base */ = {isa = PBXFileReference; lastKnownFileType = file.storyboard; name = Base; path = Base.lproj/LaunchScreen.storyboard; sourceTree = "<group>"; };
		4FD8FC6B21A3AE74003E4936 /* Info.plist */ = {isa = PBXFileReference; lastKnownFileType = text.plist.xml; path = Info.plist; sourceTree = "<group>"; };
		4FD8FC6E21A3AE74003E4936 /* WatchClock2 WatchKit App.app */ = {isa = PBXFileReference; explicitFileType = wrapper.application; includeInIndex = 0; path = "WatchClock2 WatchKit App.app"; sourceTree = BUILT_PRODUCTS_DIR; };
		4FD8FC7421A3AE74003E4936 /* Base */ = {isa = PBXFileReference; lastKnownFileType = file.storyboard; name = Base; path = Base.lproj/Interface.storyboard; sourceTree = "<group>"; };
		4FD8FC7621A3AE74003E4936 /* Assets.xcassets */ = {isa = PBXFileReference; lastKnownFileType = folder.assetcatalog; path = Assets.xcassets; sourceTree = "<group>"; };
		4FD8FC7821A3AE74003E4936 /* Info.plist */ = {isa = PBXFileReference; lastKnownFileType = text.plist.xml; path = Info.plist; sourceTree = "<group>"; };
		4FD8FC7D21A3AE74003E4936 /* WatchClock2 WatchKit Extension.appex */ = {isa = PBXFileReference; explicitFileType = "wrapper.app-extension"; includeInIndex = 0; path = "WatchClock2 WatchKit Extension.appex"; sourceTree = BUILT_PRODUCTS_DIR; };
		4FD8FC8221A3AE74003E4936 /* InterfaceController.swift */ = {isa = PBXFileReference; lastKnownFileType = sourcecode.swift; path = InterfaceController.swift; sourceTree = "<group>"; };
		4FD8FC8421A3AE74003E4936 /* ExtensionDelegate.swift */ = {isa = PBXFileReference; lastKnownFileType = sourcecode.swift; path = ExtensionDelegate.swift; sourceTree = "<group>"; };
		4FD8FC8621A3AE75003E4936 /* Assets.xcassets */ = {isa = PBXFileReference; lastKnownFileType = folder.assetcatalog; path = Assets.xcassets; sourceTree = "<group>"; };
		4FD8FC8821A3AE75003E4936 /* Info.plist */ = {isa = PBXFileReference; lastKnownFileType = text.plist.xml; path = Info.plist; sourceTree = "<group>"; };
		4FDE09E621A50F4300224AF8 /* FontSelectViewControl.swift */ = {isa = PBXFileReference; lastKnownFileType = sourcecode.swift; path = FontSelectViewControl.swift; sourceTree = "<group>"; };
		4FDE09E821A5260900224AF8 /* DisplayTextViewControl.swift */ = {isa = PBXFileReference; lastKnownFileType = sourcecode.swift; path = DisplayTextViewControl.swift; sourceTree = "<group>"; };
		4FFC8ABF21A3F332003ACFAB /* WatchSetViewControl.swift */ = {isa = PBXFileReference; lastKnownFileType = sourcecode.swift; path = WatchSetViewControl.swift; sourceTree = "<group>"; };
		4FFC8AC121A3F867003ACFAB /* WatchManagerViewControl.swift */ = {isa = PBXFileReference; lastKnownFileType = sourcecode.swift; path = WatchManagerViewControl.swift; sourceTree = "<group>"; };
		4FFC8AC521A40D6A003ACFAB /* WatchSettings.swift */ = {isa = PBXFileReference; lastKnownFileType = sourcecode.swift; path = WatchSettings.swift; sourceTree = "<group>"; };
		4FFC8AC921A40F1C003ACFAB /* WatchScene.swift */ = {isa = PBXFileReference; lastKnownFileType = sourcecode.swift; path = WatchScene.swift; sourceTree = "<group>"; };
		4FFC8ACD21A40F7E003ACFAB /* WatchInfo.swift */ = {isa = PBXFileReference; fileEncoding = 4; lastKnownFileType = sourcecode.swift; path = WatchInfo.swift; sourceTree = "<group>"; };
		4FFC8AD021A40F9C003ACFAB /* Weather.swift */ = {isa = PBXFileReference; fileEncoding = 4; lastKnownFileType = sourcecode.swift; path = Weather.swift; sourceTree = "<group>"; };
/* End PBXFileReference section */

/* Begin PBXFrameworksBuildPhase section */
		4FD8FC5921A3AE73003E4936 /* Frameworks */ = {
			isa = PBXFrameworksBuildPhase;
			buildActionMask = 2147483647;
			files = (
			);
			runOnlyForDeploymentPostprocessing = 0;
		};
		4FD8FC7A21A3AE74003E4936 /* Frameworks */ = {
			isa = PBXFrameworksBuildPhase;
			buildActionMask = 2147483647;
			files = (
			);
			runOnlyForDeploymentPostprocessing = 0;
		};
/* End PBXFrameworksBuildPhase section */

/* Begin PBXGroup section */
		4FD8FC5321A3AE73003E4936 = {
			isa = PBXGroup;
			children = (
				4FD8FC5E21A3AE73003E4936 /* WatchClock2 */,
				4FD8FC7221A3AE74003E4936 /* WatchClock2 WatchKit App */,
				4FD8FC8121A3AE74003E4936 /* WatchClock2 WatchKit Extension */,
				4FD8FC5D21A3AE73003E4936 /* Products */,
			);
			sourceTree = "<group>";
		};
		4FD8FC5D21A3AE73003E4936 /* Products */ = {
			isa = PBXGroup;
			children = (
				4FD8FC5C21A3AE73003E4936 /* WatchClock2.app */,
				4FD8FC6E21A3AE74003E4936 /* WatchClock2 WatchKit App.app */,
				4FD8FC7D21A3AE74003E4936 /* WatchClock2 WatchKit Extension.appex */,
			);
			name = Products;
			sourceTree = "<group>";
		};
		4FD8FC5E21A3AE73003E4936 /* WatchClock2 */ = {
			isa = PBXGroup;
			children = (
				4F10C63721A641060016305F /* Toast.swift */,
				4FD8FC5F21A3AE73003E4936 /* AppDelegate.swift */,
				4FD8FC6121A3AE73003E4936 /* ViewController.swift */,
				4FD8FC6321A3AE73003E4936 /* Main.storyboard */,
				4FD8FC6621A3AE74003E4936 /* Assets.xcassets */,
				4FD8FC6821A3AE74003E4936 /* LaunchScreen.storyboard */,
				4FD8FC6B21A3AE74003E4936 /* Info.plist */,
				4FFC8ABF21A3F332003ACFAB /* WatchSetViewControl.swift */,
				4FFC8AC121A3F867003ACFAB /* WatchManagerViewControl.swift */,
				4FB264D921A41BA500B3A950 /* UIExtersions.swift */,
				4F2E45CF21A43A1C006F3C19 /* FaceStyleViewControl.swift */,
				4F2E45D121A4450A006F3C19 /* ImageSelectViewControl.swift */,
				4F2E45D521A4A938006F3C19 /* ColorSelectViewControl.swift */,
				4F2E45D721A4A983006F3C19 /* FaceCustomViewControl.swift */,
				4FDE09E621A50F4300224AF8 /* FontSelectViewControl.swift */,
				4FDE09E821A5260900224AF8 /* DisplayTextViewControl.swift */,
				4F10C62F21A63F340016305F /* IWatchSessionUtil.swift */,
				4F10C63921A64CA20016305F /* SetupViewControl.swift */,
				4F10C63D21A64DAF0016305F /* WeatherLocation.swift */,
				4F10C63B21A64D660016305F /* WeatherLocationViewControl.swift */,
				4F10C63F21A656330016305F /* AboutViewControl.swift */,
				4F10C64D21A65CB50016305F /* MainViewControl.swift */,
			);
			path = WatchClock2;
			sourceTree = "<group>";
		};
		4FD8FC7221A3AE74003E4936 /* WatchClock2 WatchKit App */ = {
			isa = PBXGroup;
			children = (
				4FD8FC7321A3AE74003E4936 /* Interface.storyboard */,
				4FD8FC7621A3AE74003E4936 /* Assets.xcassets */,
				4FD8FC7821A3AE74003E4936 /* Info.plist */,
			);
			path = "WatchClock2 WatchKit App";
			sourceTree = "<group>";
		};
		4FD8FC8121A3AE74003E4936 /* WatchClock2 WatchKit Extension */ = {
			isa = PBXGroup;
			children = (
				4F10C64121A658BB0016305F /* HermesCAPECOD.otf */,
				4F10C64221A658BB0016305F /* HermesCAPECODOutline.otf */,
				4F10C64321A658BB0016305F /* HermesCARRICK.otf */,
				4F10C64421A658BC0016305F /* HermesESPACE.otf */,
				4F65D96A21A420310046B75C /* MyUIApplication.h */,
				4F65D96921A420310046B75C /* MyUiApplication.m */,
				4FD8FC8221A3AE74003E4936 /* InterfaceController.swift */,
				4FD8FC8421A3AE74003E4936 /* ExtensionDelegate.swift */,
				4FD8FC8621A3AE75003E4936 /* Assets.xcassets */,
				4FD8FC8821A3AE75003E4936 /* Info.plist */,
				4F65D96D21A420E10046B75C /* FaceScene.sks */,
				4FFC8AD021A40F9C003ACFAB /* Weather.swift */,
				4FFC8AC521A40D6A003ACFAB /* WatchSettings.swift */,
				4FFC8ACD21A40F7E003ACFAB /* WatchInfo.swift */,
				4F65D96621A41FF90046B75C /* IPhoneSessionUtil.swift */,
				4FFC8AC921A40F1C003ACFAB /* WatchScene.swift */,
				4F65D96821A420300046B75C /* WatchClock2 WatchKit Extension-Bridging-Header.h */,
			);
			path = "WatchClock2 WatchKit Extension";
			sourceTree = "<group>";
		};
/* End PBXGroup section */

/* Begin PBXNativeTarget section */
		4FD8FC5B21A3AE73003E4936 /* WatchClock2 */ = {
			isa = PBXNativeTarget;
			buildConfigurationList = 4FD8FC9321A3AE75003E4936 /* Build configuration list for PBXNativeTarget "WatchClock2" */;
			buildPhases = (
				4FD8FC5821A3AE73003E4936 /* Sources */,
				4FD8FC5921A3AE73003E4936 /* Frameworks */,
				4FD8FC5A21A3AE73003E4936 /* Resources */,
				4FD8FC9221A3AE75003E4936 /* Embed Watch Content */,
				4FD8FC9621A3AEFF003E4936 /* ShellScript */,
			);
			buildRules = (
			);
			dependencies = (
				4FD8FC7121A3AE74003E4936 /* PBXTargetDependency */,
			);
			name = WatchClock2;
			productName = WatchClock2;
			productReference = 4FD8FC5C21A3AE73003E4936 /* WatchClock2.app */;
			productType = "com.apple.product-type.application";
		};
		4FD8FC6D21A3AE74003E4936 /* WatchClock2 WatchKit App */ = {
			isa = PBXNativeTarget;
			buildConfigurationList = 4FD8FC8F21A3AE75003E4936 /* Build configuration list for PBXNativeTarget "WatchClock2 WatchKit App" */;
			buildPhases = (
				4FD8FC6C21A3AE74003E4936 /* Resources */,
				4FD8FC8E21A3AE75003E4936 /* Embed App Extensions */,
			);
			buildRules = (
			);
			dependencies = (
				4FD8FC8021A3AE74003E4936 /* PBXTargetDependency */,
			);
			name = "WatchClock2 WatchKit App";
			productName = "WatchClock2 WatchKit App";
			productReference = 4FD8FC6E21A3AE74003E4936 /* WatchClock2 WatchKit App.app */;
			productType = "com.apple.product-type.application.watchapp2";
		};
		4FD8FC7C21A3AE74003E4936 /* WatchClock2 WatchKit Extension */ = {
			isa = PBXNativeTarget;
			buildConfigurationList = 4FD8FC8B21A3AE75003E4936 /* Build configuration list for PBXNativeTarget "WatchClock2 WatchKit Extension" */;
			buildPhases = (
				4FD8FC7921A3AE74003E4936 /* Sources */,
				4FD8FC7A21A3AE74003E4936 /* Frameworks */,
				4FD8FC7B21A3AE74003E4936 /* Resources */,
			);
			buildRules = (
			);
			dependencies = (
			);
			name = "WatchClock2 WatchKit Extension";
			productName = "WatchClock2 WatchKit Extension";
			productReference = 4FD8FC7D21A3AE74003E4936 /* WatchClock2 WatchKit Extension.appex */;
			productType = "com.apple.product-type.watchkit2-extension";
		};
/* End PBXNativeTarget section */

/* Begin PBXProject section */
		4FD8FC5421A3AE73003E4936 /* Project object */ = {
			isa = PBXProject;
			attributes = {
				LastSwiftUpdateCheck = 1010;
				LastUpgradeCheck = 1010;
				ORGANIZATIONNAME = xwcoco;
				TargetAttributes = {
					4FD8FC5B21A3AE73003E4936 = {
						CreatedOnToolsVersion = 10.1;
					};
					4FD8FC6D21A3AE74003E4936 = {
						CreatedOnToolsVersion = 10.1;
					};
					4FD8FC7C21A3AE74003E4936 = {
						CreatedOnToolsVersion = 10.1;
						LastSwiftMigration = 1010;
					};
				};
			};
			buildConfigurationList = 4FD8FC5721A3AE73003E4936 /* Build configuration list for PBXProject "WatchClock2" */;
			compatibilityVersion = "Xcode 9.3";
			developmentRegion = en;
			hasScannedForEncodings = 0;
			knownRegions = (
				en,
				Base,
			);
			mainGroup = 4FD8FC5321A3AE73003E4936;
			productRefGroup = 4FD8FC5D21A3AE73003E4936 /* Products */;
			projectDirPath = "";
			projectRoot = "";
			targets = (
				4FD8FC5B21A3AE73003E4936 /* WatchClock2 */,
				4FD8FC6D21A3AE74003E4936 /* WatchClock2 WatchKit App */,
				4FD8FC7C21A3AE74003E4936 /* WatchClock2 WatchKit Extension */,
			);
		};
/* End PBXProject section */

/* Begin PBXResourcesBuildPhase section */
		4FD8FC5A21A3AE73003E4936 /* Resources */ = {
			isa = PBXResourcesBuildPhase;
			buildActionMask = 2147483647;
			files = (
				4FD8FC6A21A3AE74003E4936 /* LaunchScreen.storyboard in Resources */,
				4FD8FC6721A3AE74003E4936 /* Assets.xcassets in Resources */,
				4F10C64621A658C00016305F /* HermesCAPECODOutline.otf in Resources */,
				4F10C64721A658C00016305F /* HermesCARRICK.otf in Resources */,
				4FFC8ACC21A40F51003ACFAB /* Assets.xcassets in Resources */,
				4FD8FC6521A3AE73003E4936 /* Main.storyboard in Resources */,
				4F65D96F21A420FC0046B75C /* FaceScene.sks in Resources */,
				4F10C64521A658C00016305F /* HermesCAPECOD.otf in Resources */,
				4F10C64821A658C00016305F /* HermesESPACE.otf in Resources */,
			);
			runOnlyForDeploymentPostprocessing = 0;
		};
		4FD8FC6C21A3AE74003E4936 /* Resources */ = {
			isa = PBXResourcesBuildPhase;
			buildActionMask = 2147483647;
			files = (
				4FD8FC7721A3AE74003E4936 /* Assets.xcassets in Resources */,
				4FD8FC7521A3AE74003E4936 /* Interface.storyboard in Resources */,
			);
			runOnlyForDeploymentPostprocessing = 0;
		};
		4FD8FC7B21A3AE74003E4936 /* Resources */ = {
			isa = PBXResourcesBuildPhase;
			buildActionMask = 2147483647;
			files = (
				4FD8FC8721A3AE75003E4936 /* Assets.xcassets in Resources */,
				4F65D96E21A420E10046B75C /* FaceScene.sks in Resources */,
				4F10C64C21A658C10016305F /* HermesESPACE.otf in Resources */,
				4F10C64B21A658C10016305F /* HermesCARRICK.otf in Resources */,
				4F10C64A21A658C10016305F /* HermesCAPECODOutline.otf in Resources */,
				4F10C64921A658C10016305F /* HermesCAPECOD.otf in Resources */,
			);
			runOnlyForDeploymentPostprocessing = 0;
		};
/* End PBXResourcesBuildPhase section */

/* Begin PBXShellScriptBuildPhase section */
		4FD8FC9621A3AEFF003E4936 /* ShellScript */ = {
			isa = PBXShellScriptBuildPhase;
			buildActionMask = 2147483647;
			files = (
			);
			inputFileListPaths = (
			);
			inputPaths = (
			);
			outputFileListPaths = (
			);
			outputPaths = (
			);
			runOnlyForDeploymentPostprocessing = 0;
			shellPath = /bin/sh;
			shellScript = "# #! /bin/bash\ninfoPlist=\"${INFOPLIST_FILE}\"\n#! GET CFBundleBuildNumber value\nbuildNumber=$(/usr/libexec/PlistBuddy -c \"Print CFBundleBuildNumber\" ${infoPlist})\n#! CFBundleBuildNumber + 1\nbuildNumber=$((${buildNumber} + 1))\n#! SET CFBundleBuildNumber on Info.plist\n/usr/libexec/PlistBuddy -c \"Set :CFBundleBuildNumber ${buildNumber}\" ${infoPlist}\n#! GET CFBundleShortVersionString\nshortVersion=$(/usr/libexec/PlistBuddy -c \"Print :CFBundleShortVersionString\" ${infoPlist})\n#! Composes the buildNumber as CFBundleVersion\nbuildNumber=\"${shortVersion}.${buildNumber}\"\n#! SET CFBundleVersion\n#/usr/libexec/PlistBuddy -c \"Set :CFBundleVersion ${buildNumber}\" ${infoPlist}\n#! GET date string\nbuildDate=\"$(date +%Y.%m.%d.%H:%M:%S)\"\n#! SET CFBundleBuildDate\n/usr/libexec/PlistBuddy -c \"Set :CFBundleBuildDate ${buildDate}\" ${infoPlist}\n\n#! xcrun agvtool new-version -all ${buildNumber}# Type a script or drag a script file from your workspace to insert its path.\n";
		};
/* End PBXShellScriptBuildPhase section */

/* Begin PBXSourcesBuildPhase section */
		4FD8FC5821A3AE73003E4936 /* Sources */ = {
			isa = PBXSourcesBuildPhase;
			buildActionMask = 2147483647;
			files = (
				4FFC8AD121A40F9C003ACFAB /* Weather.swift in Sources */,
				4F10C64E21A65CB50016305F /* MainViewControl.swift in Sources */,
				4F2E45D821A4A983006F3C19 /* FaceCustomViewControl.swift in Sources */,
				4F10C63821A641060016305F /* Toast.swift in Sources */,
				4FD8FC6221A3AE73003E4936 /* ViewController.swift in Sources */,
				4FDE09E721A50F4300224AF8 /* FontSelectViewControl.swift in Sources */,
				4F10C63E21A64DAF0016305F /* WeatherLocation.swift in Sources */,
				4F10C63021A63F340016305F /* IWatchSessionUtil.swift in Sources */,
				4F2E45D621A4A938006F3C19 /* ColorSelectViewControl.swift in Sources */,
				4FB264DA21A41BA500B3A950 /* UIExtersions.swift in Sources */,
				4F2E45D021A43A1C006F3C19 /* FaceStyleViewControl.swift in Sources */,
				4FD8FC6021A3AE73003E4936 /* AppDelegate.swift in Sources */,
				4F10C63C21A64D660016305F /* WeatherLocationViewControl.swift in Sources */,
				4F10C63A21A64CA20016305F /* SetupViewControl.swift in Sources */,
				4F10C64021A656330016305F /* AboutViewControl.swift in Sources */,
				4FFC8AC221A3F867003ACFAB /* WatchManagerViewControl.swift in Sources */,
				4FFC8AC621A40D6A003ACFAB /* WatchSettings.swift in Sources */,
				4FFC8ACE21A40F7E003ACFAB /* WatchInfo.swift in Sources */,
				4FFC8ACB21A40F34003ACFAB /* WatchScene.swift in Sources */,
				4FFC8AC021A3F332003ACFAB /* WatchSetViewControl.swift in Sources */,
				4FDE09E921A5260900224AF8 /* DisplayTextViewControl.swift in Sources */,
				4F2E45D221A4450A006F3C19 /* ImageSelectViewControl.swift in Sources */,
			);
			runOnlyForDeploymentPostprocessing = 0;
		};
		4FD8FC7921A3AE74003E4936 /* Sources */ = {
			isa = PBXSourcesBuildPhase;
			buildActionMask = 2147483647;
			files = (
				4FFC8ACA21A40F1C003ACFAB /* WatchScene.swift in Sources */,
				4FB264DB21A41BC400B3A950 /* UIExtersions.swift in Sources */,
				4F65D96C21A420310046B75C /* MyUiApplication.m in Sources */,
				4FD8FC8521A3AE74003E4936 /* ExtensionDelegate.swift in Sources */,
				4FFC8AC721A40D6A003ACFAB /* WatchSettings.swift in Sources */,
				4FFC8ACF21A40F7E003ACFAB /* WatchInfo.swift in Sources */,
				4FFC8AD221A40F9C003ACFAB /* Weather.swift in Sources */,
				4FD8FC8321A3AE74003E4936 /* InterfaceController.swift in Sources */,
				4F65D96721A41FFA0046B75C /* IPhoneSessionUtil.swift in Sources */,
			);
			runOnlyForDeploymentPostprocessing = 0;
		};
/* End PBXSourcesBuildPhase section */

/* Begin PBXTargetDependency section */
		4FD8FC7121A3AE74003E4936 /* PBXTargetDependency */ = {
			isa = PBXTargetDependency;
			target = 4FD8FC6D21A3AE74003E4936 /* WatchClock2 WatchKit App */;
			targetProxy = 4FD8FC7021A3AE74003E4936 /* PBXContainerItemProxy */;
		};
		4FD8FC8021A3AE74003E4936 /* PBXTargetDependency */ = {
			isa = PBXTargetDependency;
			target = 4FD8FC7C21A3AE74003E4936 /* WatchClock2 WatchKit Extension */;
			targetProxy = 4FD8FC7F21A3AE74003E4936 /* PBXContainerItemProxy */;
		};
/* End PBXTargetDependency section */

/* Begin PBXVariantGroup section */
		4FD8FC6321A3AE73003E4936 /* Main.storyboard */ = {
			isa = PBXVariantGroup;
			children = (
				4FD8FC6421A3AE73003E4936 /* Base */,
			);
			name = Main.storyboard;
			sourceTree = "<group>";
		};
		4FD8FC6821A3AE74003E4936 /* LaunchScreen.storyboard */ = {
			isa = PBXVariantGroup;
			children = (
				4FD8FC6921A3AE74003E4936 /* Base */,
			);
			name = LaunchScreen.storyboard;
			sourceTree = "<group>";
		};
		4FD8FC7321A3AE74003E4936 /* Interface.storyboard */ = {
			isa = PBXVariantGroup;
			children = (
				4FD8FC7421A3AE74003E4936 /* Base */,
			);
			name = Interface.storyboard;
			sourceTree = "<group>";
		};
/* End PBXVariantGroup section */

/* Begin XCBuildConfiguration section */
		4FD8FC8921A3AE75003E4936 /* Debug */ = {
			isa = XCBuildConfiguration;
			buildSettings = {
				ALWAYS_SEARCH_USER_PATHS = NO;
				CLANG_ANALYZER_NONNULL = YES;
				CLANG_ANALYZER_NUMBER_OBJECT_CONVERSION = YES_AGGRESSIVE;
				CLANG_CXX_LANGUAGE_STANDARD = "gnu++14";
				CLANG_CXX_LIBRARY = "libc++";
				CLANG_ENABLE_MODULES = YES;
				CLANG_ENABLE_OBJC_ARC = YES;
				CLANG_ENABLE_OBJC_WEAK = YES;
				CLANG_WARN_BLOCK_CAPTURE_AUTORELEASING = YES;
				CLANG_WARN_BOOL_CONVERSION = YES;
				CLANG_WARN_COMMA = YES;
				CLANG_WARN_CONSTANT_CONVERSION = YES;
				CLANG_WARN_DEPRECATED_OBJC_IMPLEMENTATIONS = YES;
				CLANG_WARN_DIRECT_OBJC_ISA_USAGE = YES_ERROR;
				CLANG_WARN_DOCUMENTATION_COMMENTS = YES;
				CLANG_WARN_EMPTY_BODY = YES;
				CLANG_WARN_ENUM_CONVERSION = YES;
				CLANG_WARN_INFINITE_RECURSION = YES;
				CLANG_WARN_INT_CONVERSION = YES;
				CLANG_WARN_NON_LITERAL_NULL_CONVERSION = YES;
				CLANG_WARN_OBJC_IMPLICIT_RETAIN_SELF = YES;
				CLANG_WARN_OBJC_LITERAL_CONVERSION = YES;
				CLANG_WARN_OBJC_ROOT_CLASS = YES_ERROR;
				CLANG_WARN_RANGE_LOOP_ANALYSIS = YES;
				CLANG_WARN_STRICT_PROTOTYPES = YES;
				CLANG_WARN_SUSPICIOUS_MOVE = YES;
				CLANG_WARN_UNGUARDED_AVAILABILITY = YES_AGGRESSIVE;
				CLANG_WARN_UNREACHABLE_CODE = YES;
				CLANG_WARN__DUPLICATE_METHOD_MATCH = YES;
				CODE_SIGN_IDENTITY = "iPhone Developer";
				COPY_PHASE_STRIP = NO;
				DEBUG_INFORMATION_FORMAT = dwarf;
				ENABLE_STRICT_OBJC_MSGSEND = YES;
				ENABLE_TESTABILITY = YES;
				GCC_C_LANGUAGE_STANDARD = gnu11;
				GCC_DYNAMIC_NO_PIC = NO;
				GCC_NO_COMMON_BLOCKS = YES;
				GCC_OPTIMIZATION_LEVEL = 0;
				GCC_PREPROCESSOR_DEFINITIONS = (
					"DEBUG=1",
					"$(inherited)",
				);
				GCC_WARN_64_TO_32_BIT_CONVERSION = YES;
				GCC_WARN_ABOUT_RETURN_TYPE = YES_ERROR;
				GCC_WARN_UNDECLARED_SELECTOR = YES;
				GCC_WARN_UNINITIALIZED_AUTOS = YES_AGGRESSIVE;
				GCC_WARN_UNUSED_FUNCTION = YES;
				GCC_WARN_UNUSED_VARIABLE = YES;
				IPHONEOS_DEPLOYMENT_TARGET = 12.1;
				MTL_ENABLE_DEBUG_INFO = INCLUDE_SOURCE;
				MTL_FAST_MATH = YES;
				ONLY_ACTIVE_ARCH = YES;
				SDKROOT = iphoneos;
				SWIFT_ACTIVE_COMPILATION_CONDITIONS = DEBUG;
				SWIFT_OPTIMIZATION_LEVEL = "-Onone";
			};
			name = Debug;
		};
		4FD8FC8A21A3AE75003E4936 /* Release */ = {
			isa = XCBuildConfiguration;
			buildSettings = {
				ALWAYS_SEARCH_USER_PATHS = NO;
				CLANG_ANALYZER_NONNULL = YES;
				CLANG_ANALYZER_NUMBER_OBJECT_CONVERSION = YES_AGGRESSIVE;
				CLANG_CXX_LANGUAGE_STANDARD = "gnu++14";
				CLANG_CXX_LIBRARY = "libc++";
				CLANG_ENABLE_MODULES = YES;
				CLANG_ENABLE_OBJC_ARC = YES;
				CLANG_ENABLE_OBJC_WEAK = YES;
				CLANG_WARN_BLOCK_CAPTURE_AUTORELEASING = YES;
				CLANG_WARN_BOOL_CONVERSION = YES;
				CLANG_WARN_COMMA = YES;
				CLANG_WARN_CONSTANT_CONVERSION = YES;
				CLANG_WARN_DEPRECATED_OBJC_IMPLEMENTATIONS = YES;
				CLANG_WARN_DIRECT_OBJC_ISA_USAGE = YES_ERROR;
				CLANG_WARN_DOCUMENTATION_COMMENTS = YES;
				CLANG_WARN_EMPTY_BODY = YES;
				CLANG_WARN_ENUM_CONVERSION = YES;
				CLANG_WARN_INFINITE_RECURSION = YES;
				CLANG_WARN_INT_CONVERSION = YES;
				CLANG_WARN_NON_LITERAL_NULL_CONVERSION = YES;
				CLANG_WARN_OBJC_IMPLICIT_RETAIN_SELF = YES;
				CLANG_WARN_OBJC_LITERAL_CONVERSION = YES;
				CLANG_WARN_OBJC_ROOT_CLASS = YES_ERROR;
				CLANG_WARN_RANGE_LOOP_ANALYSIS = YES;
				CLANG_WARN_STRICT_PROTOTYPES = YES;
				CLANG_WARN_SUSPICIOUS_MOVE = YES;
				CLANG_WARN_UNGUARDED_AVAILABILITY = YES_AGGRESSIVE;
				CLANG_WARN_UNREACHABLE_CODE = YES;
				CLANG_WARN__DUPLICATE_METHOD_MATCH = YES;
				CODE_SIGN_IDENTITY = "iPhone Developer";
				COPY_PHASE_STRIP = NO;
				DEBUG_INFORMATION_FORMAT = "dwarf-with-dsym";
				ENABLE_NS_ASSERTIONS = NO;
				ENABLE_STRICT_OBJC_MSGSEND = YES;
				GCC_C_LANGUAGE_STANDARD = gnu11;
				GCC_NO_COMMON_BLOCKS = YES;
				GCC_WARN_64_TO_32_BIT_CONVERSION = YES;
				GCC_WARN_ABOUT_RETURN_TYPE = YES_ERROR;
				GCC_WARN_UNDECLARED_SELECTOR = YES;
				GCC_WARN_UNINITIALIZED_AUTOS = YES_AGGRESSIVE;
				GCC_WARN_UNUSED_FUNCTION = YES;
				GCC_WARN_UNUSED_VARIABLE = YES;
				IPHONEOS_DEPLOYMENT_TARGET = 12.1;
				MTL_ENABLE_DEBUG_INFO = NO;
				MTL_FAST_MATH = YES;
				SDKROOT = iphoneos;
				SWIFT_COMPILATION_MODE = wholemodule;
				SWIFT_OPTIMIZATION_LEVEL = "-O";
				VALIDATE_PRODUCT = YES;
			};
			name = Release;
		};
		4FD8FC8C21A3AE75003E4936 /* Debug */ = {
			isa = XCBuildConfiguration;
			buildSettings = {
				ASSETCATALOG_COMPILER_COMPLICATION_NAME = Complication;
				CLANG_ENABLE_MODULES = YES;
				CODE_SIGN_STYLE = Automatic;
				DEVELOPMENT_TEAM = 4E49FXN2FU;
				INFOPLIST_FILE = "WatchClock2 WatchKit Extension/Info.plist";
				LD_RUNPATH_SEARCH_PATHS = (
					"$(inherited)",
					"@executable_path/Frameworks",
					"@executable_path/../../Frameworks",
				);
				PRODUCT_BUNDLE_IDENTIFIER = com.dfsoft.watchClock.watchkitapp.watchkitextension;
				PRODUCT_NAME = "${TARGET_NAME}";
				SDKROOT = watchos;
				SKIP_INSTALL = YES;
				SWIFT_OBJC_BRIDGING_HEADER = "WatchClock2 WatchKit Extension/WatchClock2 WatchKit Extension-Bridging-Header.h";
				SWIFT_OPTIMIZATION_LEVEL = "-Onone";
				SWIFT_VERSION = 4.2;
				TARGETED_DEVICE_FAMILY = 4;
				WATCHOS_DEPLOYMENT_TARGET = 5.1;
			};
			name = Debug;
		};
		4FD8FC8D21A3AE75003E4936 /* Release */ = {
			isa = XCBuildConfiguration;
			buildSettings = {
				ASSETCATALOG_COMPILER_COMPLICATION_NAME = Complication;
				CLANG_ENABLE_MODULES = YES;
				CODE_SIGN_STYLE = Automatic;
				DEVELOPMENT_TEAM = 4E49FXN2FU;
				INFOPLIST_FILE = "WatchClock2 WatchKit Extension/Info.plist";
				LD_RUNPATH_SEARCH_PATHS = (
					"$(inherited)",
					"@executable_path/Frameworks",
					"@executable_path/../../Frameworks",
				);
				PRODUCT_BUNDLE_IDENTIFIER = com.dfsoft.watchClock.watchkitapp.watchkitextension;
				PRODUCT_NAME = "${TARGET_NAME}";
				SDKROOT = watchos;
				SKIP_INSTALL = YES;
				SWIFT_OBJC_BRIDGING_HEADER = "WatchClock2 WatchKit Extension/WatchClock2 WatchKit Extension-Bridging-Header.h";
				SWIFT_VERSION = 4.2;
				TARGETED_DEVICE_FAMILY = 4;
				WATCHOS_DEPLOYMENT_TARGET = 5.1;
			};
			name = Release;
		};
		4FD8FC9021A3AE75003E4936 /* Debug */ = {
			isa = XCBuildConfiguration;
			buildSettings = {
				ALWAYS_EMBED_SWIFT_STANDARD_LIBRARIES = YES;
				ASSETCATALOG_COMPILER_APPICON_NAME = AppIcon;
				CODE_SIGN_STYLE = Automatic;
				DEVELOPMENT_TEAM = 4E49FXN2FU;
				IBSC_MODULE = WatchClock2_WatchKit_Extension;
				INFOPLIST_FILE = "WatchClock2 WatchKit App/Info.plist";
				PRODUCT_BUNDLE_IDENTIFIER = com.dfsoft.watchClock.watchkitapp;
				PRODUCT_NAME = "$(TARGET_NAME)";
				SDKROOT = watchos;
				SKIP_INSTALL = YES;
				SWIFT_VERSION = 4.2;
				TARGETED_DEVICE_FAMILY = 4;
				WATCHOS_DEPLOYMENT_TARGET = 5.1;
			};
			name = Debug;
		};
		4FD8FC9121A3AE75003E4936 /* Release */ = {
			isa = XCBuildConfiguration;
			buildSettings = {
				ALWAYS_EMBED_SWIFT_STANDARD_LIBRARIES = YES;
				ASSETCATALOG_COMPILER_APPICON_NAME = AppIcon;
				CODE_SIGN_STYLE = Automatic;
				DEVELOPMENT_TEAM = 4E49FXN2FU;
				IBSC_MODULE = WatchClock2_WatchKit_Extension;
				INFOPLIST_FILE = "WatchClock2 WatchKit App/Info.plist";
				PRODUCT_BUNDLE_IDENTIFIER = com.dfsoft.watchClock.watchkitapp;
				PRODUCT_NAME = "$(TARGET_NAME)";
				SDKROOT = watchos;
				SKIP_INSTALL = YES;
				SWIFT_VERSION = 4.2;
				TARGETED_DEVICE_FAMILY = 4;
				WATCHOS_DEPLOYMENT_TARGET = 5.1;
			};
			name = Release;
		};
		4FD8FC9421A3AE75003E4936 /* Debug */ = {
			isa = XCBuildConfiguration;
			buildSettings = {
				ASSETCATALOG_COMPILER_APPICON_NAME = AppIcon;
				CODE_SIGN_STYLE = Automatic;
				DEVELOPMENT_TEAM = 4E49FXN2FU;
				INFOPLIST_FILE = WatchClock2/Info.plist;
				LD_RUNPATH_SEARCH_PATHS = (
					"$(inherited)",
					"@executable_path/Frameworks",
				);
				PRODUCT_BUNDLE_IDENTIFIER = com.dfsoft.watchClock;
				PRODUCT_NAME = "$(TARGET_NAME)";
				SWIFT_VERSION = 4.2;
				TARGETED_DEVICE_FAMILY = "1,2";
			};
			name = Debug;
		};
		4FD8FC9521A3AE75003E4936 /* Release */ = {
			isa = XCBuildConfiguration;
			buildSettings = {
				ASSETCATALOG_COMPILER_APPICON_NAME = AppIcon;
				CODE_SIGN_STYLE = Automatic;
				DEVELOPMENT_TEAM = 4E49FXN2FU;
				INFOPLIST_FILE = WatchClock2/Info.plist;
				LD_RUNPATH_SEARCH_PATHS = (
					"$(inherited)",
					"@executable_path/Frameworks",
				);
				PRODUCT_BUNDLE_IDENTIFIER = com.dfsoft.watchClock;
				PRODUCT_NAME = "$(TARGET_NAME)";
				SWIFT_VERSION = 4.2;
				TARGETED_DEVICE_FAMILY = "1,2";
			};
			name = Release;
		};
/* End XCBuildConfiguration section */

/* Begin XCConfigurationList section */
		4FD8FC5721A3AE73003E4936 /* Build configuration list for PBXProject "WatchClock2" */ = {
			isa = XCConfigurationList;
			buildConfigurations = (
				4FD8FC8921A3AE75003E4936 /* Debug */,
				4FD8FC8A21A3AE75003E4936 /* Release */,
			);
			defaultConfigurationIsVisible = 0;
			defaultConfigurationName = Release;
		};
		4FD8FC8B21A3AE75003E4936 /* Build configuration list for PBXNativeTarget "WatchClock2 WatchKit Extension" */ = {
			isa = XCConfigurationList;
			buildConfigurations = (
				4FD8FC8C21A3AE75003E4936 /* Debug */,
				4FD8FC8D21A3AE75003E4936 /* Release */,
			);
			defaultConfigurationIsVisible = 0;
			defaultConfigurationName = Release;
		};
		4FD8FC8F21A3AE75003E4936 /* Build configuration list for PBXNativeTarget "WatchClock2 WatchKit App" */ = {
			isa = XCConfigurationList;
			buildConfigurations = (
				4FD8FC9021A3AE75003E4936 /* Debug */,
				4FD8FC9121A3AE75003E4936 /* Release */,
			);
			defaultConfigurationIsVisible = 0;
			defaultConfigurationName = Release;
		};
		4FD8FC9321A3AE75003E4936 /* Build configuration list for PBXNativeTarget "WatchClock2" */ = {
			isa = XCConfigurationList;
			buildConfigurations = (
				4FD8FC9421A3AE75003E4936 /* Debug */,
				4FD8FC9521A3AE75003E4936 /* Release */,
			);
			defaultConfigurationIsVisible = 0;
			defaultConfigurationName = Release;
		};
/* End XCConfigurationList section */
	};
	rootObject = 4FD8FC5421A3AE73003E4936 /* Project object */;
}
